
Microsoft Visual Studio Solution File, Format Version 12.00
# Visual Studio Version 17
VisualStudioVersion = 17.14.36414.22 d17.14
MinimumVisualStudioVersion = 10.0.40219.1
Project("{FAE04EC0-301F-11D3-BF4B-00C04F79EFBC}") = "BussinessObject", "BussinessObject\BussinessObject.csproj", "{42379D37-5032-460E-9EB6-B2794970D5B5}"
EndProject
Project("{FAE04EC0-301F-11D3-BF4B-00C04F79EFBC}") = "DataAccsess", "DataAccsess\DataAccsess.csproj", "{D343A400-0668-4822-9081-7CB8AC9539E3}"
EndProject
Project("{FAE04EC0-301F-11D3-BF4B-00C04F79EFBC}") = "Repository", "Repository\Repository.csproj", "{B7BED4B9-C390-47FA-8198-38152E457D29}"
EndProject
Project("{FAE04EC0-301F-11D3-BF4B-00C04F79EFBC}") = "Service", "Service\Service.csproj", "{D2098FF4-1A54-4F95-84CA-CBDDC7274762}"
EndProject
Project("{FAE04EC0-301F-11D3-BF4B-00C04F79EFBC}") = "LibraryManageApp", "LibraryManageApp\LibraryManageApp.csproj", "{4E5D700D-70CA-48A3-B0FE-B808F4BA247B}"
EndProject
Global
	GlobalSection(SolutionConfigurationPlatforms) = preSolution
		Debug|Any CPU = Debug|Any CPU
		Release|Any CPU = Release|Any CPU
	EndGlobalSection
	GlobalSection(ProjectConfigurationPlatforms) = postSolution
		{42379D37-5032-460E-9EB6-B2794970D5B5}.Debug|Any CPU.ActiveCfg = Debug|Any CPU
		{42379D37-5032-460E-9EB6-B2794970D5B5}.Debug|Any CPU.Build.0 = Debug|Any CPU
		{42379D37-5032-460E-9EB6-B2794970D5B5}.Release|Any CPU.ActiveCfg = Release|Any CPU
		{42379D37-5032-460E-9EB6-B2794970D5B5}.Release|Any CPU.Build.0 = Release|Any CPU
		{D343A400-0668-4822-9081-7CB8AC9539E3}.Debug|Any CPU.ActiveCfg = Debug|Any CPU
		{D343A400-0668-4822-9081-7CB8AC9539E3}.Debug|Any CPU.Build.0 = Debug|Any CPU
		{D343A400-0668-4822-9081-7CB8AC9539E3}.Release|Any CPU.ActiveCfg = Release|Any CPU
		{D343A400-0668-4822-9081-7CB8AC9539E3}.Release|Any CPU.Build.0 = Release|Any CPU
		{B7BED4B9-C390-47FA-8198-38152E457D29}.Debug|Any CPU.ActiveCfg = Debug|Any CPU
		{B7BED4B9-C390-47FA-8198-38152E457D29}.Debug|Any CPU.Build.0 = Debug|Any CPU
		{B7BED4B9-C390-47FA-8198-38152E457D29}.Release|Any CPU.ActiveCfg = Release|Any CPU
		{B7BED4B9-C390-47FA-8198-38152E457D29}.Release|Any CPU.Build.0 = Release|Any CPU
		{D2098FF4-1A54-4F95-84CA-CBDDC7274762}.Debug|Any CPU.ActiveCfg = Debug|Any CPU
		{D2098FF4-1A54-4F95-84CA-CBDDC7274762}.Debug|Any CPU.Build.0 = Debug|Any CPU
		{D2098FF4-1A54-4F95-84CA-CBDDC7274762}.Release|Any CPU.ActiveCfg = Release|Any CPU
		{D2098FF4-1A54-4F95-84CA-CBDDC7274762}.Release|Any CPU.Build.0 = Release|Any CPU
		{4E5D700D-70CA-48A3-B0FE-B808F4BA247B}.Debug|Any CPU.ActiveCfg = Debug|Any CPU
		{4E5D700D-70CA-48A3-B0FE-B808F4BA247B}.Debug|Any CPU.Build.0 = Debug|Any CPU
		{4E5D700D-70CA-48A3-B0FE-B808F4BA247B}.Release|Any CPU.ActiveCfg = Release|Any CPU
		{4E5D700D-70CA-48A3-B0FE-B808F4BA247B}.Release|Any CPU.Build.0 = Release|Any CPU
	EndGlobalSection
	GlobalSection(SolutionProperties) = preSolution
		HideSolutionNode = FALSE
	EndGlobalSection
	GlobalSection(ExtensibilityGlobals) = postSolution
		SolutionGuid = {E41EC215-ED95-418E-BF37-3A7C99ED9E5A}
	EndGlobalSection
EndGlobal
