
Microsoft Visual Studio Solution File, Format Version 12.00
# Visual Studio Version 17
VisualStudioVersion = 17.14.36414.22
MinimumVisualStudioVersion = 10.0.40219.1
Project("{9A19103F-16F7-4668-BE54-9A1E7A4F7556}") = "BussinessObject", "BussinessObject\BussinessObject.csproj", "{42379D37-5032-460E-9EB6-B2794970D5B5}"
EndProject
Project("{9A19103F-16F7-4668-BE54-9A1E7A4F7556}") = "DataAccsess", "DataAccsess\DataAccsess.csproj", "{D343A400-0668-4822-9081-7CB8AC9539E3}"
EndProject
Project("{9A19103F-16F7-4668-BE54-9A1E7A4F7556}") = "Repository", "Repository\Repository.csproj", "{B7BED4B9-C390-47FA-8198-38152E457D29}"
EndProject
Project("{9A19103F-16F7-4668-BE54-9A1E7A4F7556}") = "Service", "Service\Service.csproj", "{D2098FF4-1A54-4F95-84CA-CBDDC7274762}"
EndProject
Project("{9A19103F-16F7-4668-BE54-9A1E7A4F7556}") = "LibraryManageApp", "LibraryManageApp\LibraryManageApp.csproj", "{64F01333-3188-4D7F-9B8E-6A49B67AC745}"
EndProject
Project("{9A19103F-16F7-4668-BE54-9A1E7A4F7556}") = "DTO", "BookImportDto\DTO.csproj", "{91F07ADB-6581-4F5A-9E8C-A8A3E262F8B5}"
EndProject
Global
	GlobalSection(SolutionConfigurationPlatforms) = preSolution
		Debug|Any CPU = Debug|Any CPU
		Release|Any CPU = Release|Any CPU
	EndGlobalSection
	GlobalSection(ProjectConfigurationPlatforms) = postSolution
		{42379D37-5032-460E-9EB6-B2794970D5B5}.Debug|Any CPU.ActiveCfg = Debug|Any CPU
		{42379D37-5032-460E-9EB6-B2794970D5B5}.Debug|Any CPU.Build.0 = Debug|Any CPU
		{42379D37-5032-460E-9EB6-B2794970D5B5}.Release|Any CPU.ActiveCfg = Release|Any CPU
		{42379D37-5032-460E-9EB6-B2794970D5B5}.Release|Any CPU.Build.0 = Release|Any CPU
		{D343A400-0668-4822-9081-7CB8AC9539E3}.Debug|Any CPU.ActiveCfg = Debug|Any CPU
		{D343A400-0668-4822-9081-7CB8AC9539E3}.Debug|Any CPU.Build.0 = Debug|Any CPU
		{D343A400-0668-4822-9081-7CB8AC9539E3}.Release|Any CPU.ActiveCfg = Release|Any CPU
		{D343A400-0668-4822-9081-7CB8AC9539E3}.Release|Any CPU.Build.0 = Release|Any CPU
		{B7BED4B9-C390-47FA-8198-38152E457D29}.Debug|Any CPU.ActiveCfg = Debug|Any CPU
		{B7BED4B9-C390-47FA-8198-38152E457D29}.Debug|Any CPU.Build.0 = Debug|Any CPU
		{B7BED4B9-C390-47FA-8198-38152E457D29}.Release|Any CPU.ActiveCfg = Release|Any CPU
		{B7BED4B9-C390-47FA-8198-38152E457D29}.Release|Any CPU.Build.0 = Release|Any CPU
		{D2098FF4-1A54-4F95-84CA-CBDDC7274762}.Debug|Any CPU.ActiveCfg = Debug|Any CPU
		{D2098FF4-1A54-4F95-84CA-CBDDC7274762}.Debug|Any CPU.Build.0 = Debug|Any CPU
		{D2098FF4-1A54-4F95-84CA-CBDDC7274762}.Release|Any CPU.ActiveCfg = Release|Any CPU
		{D2098FF4-1A54-4F95-84CA-CBDDC7274762}.Release|Any CPU.Build.0 = Release|Any CPU
		{64F01333-3188-4D7F-9B8E-6A49B67AC745}.Debug|Any CPU.ActiveCfg = Debug|Any CPU
		{64F01333-3188-4D7F-9B8E-6A49B67AC745}.Debug|Any CPU.Build.0 = Debug|Any CPU
		{64F01333-3188-4D7F-9B8E-6A49B67AC745}.Release|Any CPU.ActiveCfg = Release|Any CPU
		{64F01333-3188-4D7F-9B8E-6A49B67AC745}.Release|Any CPU.Build.0 = Release|Any CPU
		{91F07ADB-6581-4F5A-9E8C-A8A3E262F8B5}.Debug|Any CPU.ActiveCfg = Debug|Any CPU
		{91F07ADB-6581-4F5A-9E8C-A8A3E262F8B5}.Debug|Any CPU.Build.0 = Debug|Any CPU
		{91F07ADB-6581-4F5A-9E8C-A8A3E262F8B5}.Release|Any CPU.ActiveCfg = Release|Any CPU
		{91F07ADB-6581-4F5A-9E8C-A8A3E262F8B5}.Release|Any CPU.Build.0 = Release|Any CPU
	EndGlobalSection
	GlobalSection(SolutionProperties) = preSolution
		HideSolutionNode = FALSE
	EndGlobalSection
	GlobalSection(ExtensibilityGlobals) = postSolution
		SolutionGuid = {E41EC215-ED95-418E-BF37-3A7C99ED9E5A}
	EndGlobalSection
EndGlobal
